{
  "originHash" : "c86767f39732a155364f2233ee80cf72fff886f23a4c21aaf663cf4c743e2e45",
  "pins" : [
    {
      "identity" : "swift-binary-parsing",
      "kind" : "remoteSourceControl",
      "location" : "https://github.com/apple/swift-binary-parsing.git",
      "state" : {
        "branch" : "main",
        "revision" : "d4724d1d6f5da8526320f1990df9e2bd59dd2911"
      }
    },
    {
      "identity" : "swift-syntax",
      "kind" : "remoteSourceControl",
      "location" : "https://github.com/swiftlang/swift-syntax.git",
      "state" : {
        "revision" : "0687f71944021d616d34d922343dcef086855920",
        "version" : "600.0.1"
      }
    }
  ],
  "version" : 3
}
